
Microsoft Visual Studio Solution File, Format Version 12.00
# Visual Studio Version 16
VisualStudioVersion = 16.0.31605.320
MinimumVisualStudioVersion = 10.0.40219.1
Project("{9A19103F-16F7-4668-BE54-9A1E7A4F7556}") = "todotaller1.Common", "todotaller1.Common\todotaller1.Common.csproj", "{387150DF-F0A4-4A85-9BAE-830C050B99AB}"
EndProject
Project("{9A19103F-16F7-4668-BE54-9A1E7A4F7556}") = "todotaller1.Test", "todotaller1.Test\todotaller1.Test.csproj", "{81DE9537-78A5-437C-BC3C-B8C6ACC23FF6}"
EndProject
Project("{FAE04EC0-301F-11D3-BF4B-00C04F79EFBC}") = "todotaller1.Functions", "todotaller1.Functions\todotaller1.Functions.csproj", "{3BEA75E2-4013-48E5-B7A5-4E2F7FADC7D6}"
EndProject
Global
	GlobalSection(SolutionConfigurationPlatforms) = preSolution
		Debug|Any CPU = Debug|Any CPU
		Release|Any CPU = Release|Any CPU
	EndGlobalSection
	GlobalSection(ProjectConfigurationPlatforms) = postSolution
		{387150DF-F0A4-4A85-9BAE-830C050B99AB}.Debug|Any CPU.ActiveCfg = Debug|Any CPU
		{387150DF-F0A4-4A85-9BAE-830C050B99AB}.Debug|Any CPU.Build.0 = Debug|Any CPU
		{387150DF-F0A4-4A85-9BAE-830C050B99AB}.Release|Any CPU.ActiveCfg = Release|Any CPU
		{387150DF-F0A4-4A85-9BAE-830C050B99AB}.Release|Any CPU.Build.0 = Release|Any CPU
		{81DE9537-78A5-437C-BC3C-B8C6ACC23FF6}.Debug|Any CPU.ActiveCfg = Debug|Any CPU
		{81DE9537-78A5-437C-BC3C-B8C6ACC23FF6}.Debug|Any CPU.Build.0 = Debug|Any CPU
		{81DE9537-78A5-437C-BC3C-B8C6ACC23FF6}.Release|Any CPU.ActiveCfg = Release|Any CPU
		{81DE9537-78A5-437C-BC3C-B8C6ACC23FF6}.Release|Any CPU.Build.0 = Release|Any CPU
		{3BEA75E2-4013-48E5-B7A5-4E2F7FADC7D6}.Debug|Any CPU.ActiveCfg = Debug|Any CPU
		{3BEA75E2-4013-48E5-B7A5-4E2F7FADC7D6}.Debug|Any CPU.Build.0 = Debug|Any CPU
		{3BEA75E2-4013-48E5-B7A5-4E2F7FADC7D6}.Release|Any CPU.ActiveCfg = Release|Any CPU
		{3BEA75E2-4013-48E5-B7A5-4E2F7FADC7D6}.Release|Any CPU.Build.0 = Release|Any CPU
	EndGlobalSection
	GlobalSection(SolutionProperties) = preSolution
		HideSolutionNode = FALSE
	EndGlobalSection
	GlobalSection(ExtensibilityGlobals) = postSolution
		SolutionGuid = {79536EAC-BCFF-47A8-9F81-E81EF673E225}
	EndGlobalSection
EndGlobal
